
Microsoft Visual Studio Solution File, Format Version 12.00
# Visual Studio Version 17
VisualStudioVersion = 17.5.33530.505
MinimumVisualStudioVersion = 10.0.40219.1
Project("{9A19103F-16F7-4668-BE54-9A1E7A4F7556}") = "Json", "Json.Validator\Json.csproj", "{B2614896-35B7-4BAC-A8F6-6AE23AE38333}"
EndProject
Project("{9A19103F-16F7-4668-BE54-9A1E7A4F7556}") = "Json.Facts", "Json.Facts\Json.Facts.csproj", "{6229320D-ADEC-41E1-8474-74710774B871}"
EndProject
Project("{9A19103F-16F7-4668-BE54-9A1E7A4F7556}") = "Football", "Football\Football.csproj", "{11E6A199-E124-43DC-B9AC-318F0701CB55}"
EndProject
Project("{9A19103F-16F7-4668-BE54-9A1E7A4F7556}") = "Football.Facts", "Football.Facts\Football.Facts.csproj", "{3F371E66-A41B-4048-9FD9-C6D534E20FF5}"
EndProject
Project("{9A19103F-16F7-4668-BE54-9A1E7A4F7556}") = "JSONValidator", "JSONValidator\JSONValidator.csproj", "{00E85B1B-5E5A-44FC-B390-6181ED8F0F21}"
EndProject
Project("{9A19103F-16F7-4668-BE54-9A1E7A4F7556}") = "List", "List\List.csproj", "{095319A8-7096-4E9E-B0D5-9FF449D3E8B8}"
EndProject
Project("{9A19103F-16F7-4668-BE54-9A1E7A4F7556}") = "List.Facts", "List.Facts\List.Facts.csproj", "{B2D94E34-631A-4F96-A6C7-15D7C81DA835}"
EndProject
Project("{9A19103F-16F7-4668-BE54-9A1E7A4F7556}") = "LinkedList", "LinkedList\LinkedList.csproj", "{180AE029-A3AD-4122-B4EC-A412EF3FDB98}"
EndProject
Project("{9A19103F-16F7-4668-BE54-9A1E7A4F7556}") = "LinkedList.Facts", "LinkedList.Facts\LinkedList.Facts.csproj", "{F95FE0A9-49AF-412B-BADA-A4610606DA34}"
EndProject
Project("{9A19103F-16F7-4668-BE54-9A1E7A4F7556}") = "Dictionary", "Dictionary\Dictionary.csproj", "{C62C742A-D5B4-4D1C-BEA5-C08501F9FBFB}"
EndProject
Project("{9A19103F-16F7-4668-BE54-9A1E7A4F7556}") = "Dictionary.Facts", "Dictionary.Facts\Dictionary.Facts.csproj", "{A8CC6DE9-B84B-43F1-90C7-7004BD334966}"
EndProject
Project("{9A19103F-16F7-4668-BE54-9A1E7A4F7556}") = "PrefixTree", "PrefixTree\PrefixTree.csproj", "{57CF9CF1-00FE-41E3-ABB3-C30552F6023B}"
EndProject
Project("{9A19103F-16F7-4668-BE54-9A1E7A4F7556}") = "PrefixTree.Facts", "PrefixTree.Facts\PrefixTree.Facts.csproj", "{6A9511D1-1877-4200-A9A5-0E828909E92F}"
EndProject
Project("{9A19103F-16F7-4668-BE54-9A1E7A4F7556}") = "AVLTree", "AVLTree\AVLTree.csproj", "{F823C072-58A8-4E58-982A-990C855FCE27}"
EndProject
Project("{9A19103F-16F7-4668-BE54-9A1E7A4F7556}") = "AVLTree.Facts", "AVLTree.Facts\AVLTree.Facts.csproj", "{0329DBFF-7CEF-4964-A3A9-2623823419F4}"
EndProject
Project("{FAE04EC0-301F-11D3-BF4B-00C04F79EFBC}") = "ExtensionMethods", "ExtensionMethods\ExtensionMethods.csproj", "{27F5F530-4422-4213-938E-A5FA8D8BB754}"
EndProject
Project("{FAE04EC0-301F-11D3-BF4B-00C04F79EFBC}") = "ExtensionMethods.Facts", "ExtensionMethods.Facts\ExtensionMethods.Facts.csproj", "{BDDB33FC-1AE8-4B36-8A8E-BBA76F7C8695}"
EndProject
Global
	GlobalSection(SolutionConfigurationPlatforms) = preSolution
		Debug|Any CPU = Debug|Any CPU
		Release|Any CPU = Release|Any CPU
	EndGlobalSection
	GlobalSection(ProjectConfigurationPlatforms) = postSolution
		{B2614896-35B7-4BAC-A8F6-6AE23AE38333}.Debug|Any CPU.ActiveCfg = Debug|Any CPU
		{B2614896-35B7-4BAC-A8F6-6AE23AE38333}.Debug|Any CPU.Build.0 = Debug|Any CPU
		{B2614896-35B7-4BAC-A8F6-6AE23AE38333}.Release|Any CPU.ActiveCfg = Release|Any CPU
		{B2614896-35B7-4BAC-A8F6-6AE23AE38333}.Release|Any CPU.Build.0 = Release|Any CPU
		{6229320D-ADEC-41E1-8474-74710774B871}.Debug|Any CPU.ActiveCfg = Debug|Any CPU
		{6229320D-ADEC-41E1-8474-74710774B871}.Debug|Any CPU.Build.0 = Debug|Any CPU
		{6229320D-ADEC-41E1-8474-74710774B871}.Release|Any CPU.ActiveCfg = Release|Any CPU
		{6229320D-ADEC-41E1-8474-74710774B871}.Release|Any CPU.Build.0 = Release|Any CPU
		{11E6A199-E124-43DC-B9AC-318F0701CB55}.Debug|Any CPU.ActiveCfg = Debug|Any CPU
		{11E6A199-E124-43DC-B9AC-318F0701CB55}.Debug|Any CPU.Build.0 = Debug|Any CPU
		{11E6A199-E124-43DC-B9AC-318F0701CB55}.Release|Any CPU.ActiveCfg = Release|Any CPU
		{11E6A199-E124-43DC-B9AC-318F0701CB55}.Release|Any CPU.Build.0 = Release|Any CPU
		{3F371E66-A41B-4048-9FD9-C6D534E20FF5}.Debug|Any CPU.ActiveCfg = Debug|Any CPU
		{3F371E66-A41B-4048-9FD9-C6D534E20FF5}.Debug|Any CPU.Build.0 = Debug|Any CPU
		{3F371E66-A41B-4048-9FD9-C6D534E20FF5}.Release|Any CPU.ActiveCfg = Release|Any CPU
		{3F371E66-A41B-4048-9FD9-C6D534E20FF5}.Release|Any CPU.Build.0 = Release|Any CPU
		{00E85B1B-5E5A-44FC-B390-6181ED8F0F21}.Debug|Any CPU.ActiveCfg = Debug|Any CPU
		{00E85B1B-5E5A-44FC-B390-6181ED8F0F21}.Debug|Any CPU.Build.0 = Debug|Any CPU
		{00E85B1B-5E5A-44FC-B390-6181ED8F0F21}.Release|Any CPU.ActiveCfg = Release|Any CPU
		{00E85B1B-5E5A-44FC-B390-6181ED8F0F21}.Release|Any CPU.Build.0 = Release|Any CPU
		{095319A8-7096-4E9E-B0D5-9FF449D3E8B8}.Debug|Any CPU.ActiveCfg = Debug|Any CPU
		{095319A8-7096-4E9E-B0D5-9FF449D3E8B8}.Debug|Any CPU.Build.0 = Debug|Any CPU
		{095319A8-7096-4E9E-B0D5-9FF449D3E8B8}.Release|Any CPU.ActiveCfg = Release|Any CPU
		{095319A8-7096-4E9E-B0D5-9FF449D3E8B8}.Release|Any CPU.Build.0 = Release|Any CPU
		{B2D94E34-631A-4F96-A6C7-15D7C81DA835}.Debug|Any CPU.ActiveCfg = Debug|Any CPU
		{B2D94E34-631A-4F96-A6C7-15D7C81DA835}.Debug|Any CPU.Build.0 = Debug|Any CPU
		{B2D94E34-631A-4F96-A6C7-15D7C81DA835}.Release|Any CPU.ActiveCfg = Release|Any CPU
		{B2D94E34-631A-4F96-A6C7-15D7C81DA835}.Release|Any CPU.Build.0 = Release|Any CPU
		{180AE029-A3AD-4122-B4EC-A412EF3FDB98}.Debug|Any CPU.ActiveCfg = Debug|Any CPU
		{180AE029-A3AD-4122-B4EC-A412EF3FDB98}.Debug|Any CPU.Build.0 = Debug|Any CPU
		{180AE029-A3AD-4122-B4EC-A412EF3FDB98}.Release|Any CPU.ActiveCfg = Release|Any CPU
		{180AE029-A3AD-4122-B4EC-A412EF3FDB98}.Release|Any CPU.Build.0 = Release|Any CPU
		{F95FE0A9-49AF-412B-BADA-A4610606DA34}.Debug|Any CPU.ActiveCfg = Debug|Any CPU
		{F95FE0A9-49AF-412B-BADA-A4610606DA34}.Debug|Any CPU.Build.0 = Debug|Any CPU
		{F95FE0A9-49AF-412B-BADA-A4610606DA34}.Release|Any CPU.ActiveCfg = Release|Any CPU
		{F95FE0A9-49AF-412B-BADA-A4610606DA34}.Release|Any CPU.Build.0 = Release|Any CPU
		{C62C742A-D5B4-4D1C-BEA5-C08501F9FBFB}.Debug|Any CPU.ActiveCfg = Debug|Any CPU
		{C62C742A-D5B4-4D1C-BEA5-C08501F9FBFB}.Debug|Any CPU.Build.0 = Debug|Any CPU
		{C62C742A-D5B4-4D1C-BEA5-C08501F9FBFB}.Release|Any CPU.ActiveCfg = Release|Any CPU
		{C62C742A-D5B4-4D1C-BEA5-C08501F9FBFB}.Release|Any CPU.Build.0 = Release|Any CPU
		{A8CC6DE9-B84B-43F1-90C7-7004BD334966}.Debug|Any CPU.ActiveCfg = Debug|Any CPU
		{A8CC6DE9-B84B-43F1-90C7-7004BD334966}.Debug|Any CPU.Build.0 = Debug|Any CPU
		{A8CC6DE9-B84B-43F1-90C7-7004BD334966}.Release|Any CPU.ActiveCfg = Release|Any CPU
		{A8CC6DE9-B84B-43F1-90C7-7004BD334966}.Release|Any CPU.Build.0 = Release|Any CPU
		{57CF9CF1-00FE-41E3-ABB3-C30552F6023B}.Debug|Any CPU.ActiveCfg = Debug|Any CPU
		{57CF9CF1-00FE-41E3-ABB3-C30552F6023B}.Debug|Any CPU.Build.0 = Debug|Any CPU
		{57CF9CF1-00FE-41E3-ABB3-C30552F6023B}.Release|Any CPU.ActiveCfg = Release|Any CPU
		{57CF9CF1-00FE-41E3-ABB3-C30552F6023B}.Release|Any CPU.Build.0 = Release|Any CPU
		{6A9511D1-1877-4200-A9A5-0E828909E92F}.Debug|Any CPU.ActiveCfg = Debug|Any CPU
		{6A9511D1-1877-4200-A9A5-0E828909E92F}.Debug|Any CPU.Build.0 = Debug|Any CPU
		{6A9511D1-1877-4200-A9A5-0E828909E92F}.Release|Any CPU.ActiveCfg = Release|Any CPU
		{6A9511D1-1877-4200-A9A5-0E828909E92F}.Release|Any CPU.Build.0 = Release|Any CPU
		{F823C072-58A8-4E58-982A-990C855FCE27}.Debug|Any CPU.ActiveCfg = Debug|Any CPU
		{F823C072-58A8-4E58-982A-990C855FCE27}.Debug|Any CPU.Build.0 = Debug|Any CPU
		{F823C072-58A8-4E58-982A-990C855FCE27}.Release|Any CPU.ActiveCfg = Release|Any CPU
		{F823C072-58A8-4E58-982A-990C855FCE27}.Release|Any CPU.Build.0 = Release|Any CPU
		{0329DBFF-7CEF-4964-A3A9-2623823419F4}.Debug|Any CPU.ActiveCfg = Debug|Any CPU
		{0329DBFF-7CEF-4964-A3A9-2623823419F4}.Debug|Any CPU.Build.0 = Debug|Any CPU
		{0329DBFF-7CEF-4964-A3A9-2623823419F4}.Release|Any CPU.ActiveCfg = Release|Any CPU
		{0329DBFF-7CEF-4964-A3A9-2623823419F4}.Release|Any CPU.Build.0 = Release|Any CPU
		{27F5F530-4422-4213-938E-A5FA8D8BB754}.Debug|Any CPU.ActiveCfg = Debug|Any CPU
		{27F5F530-4422-4213-938E-A5FA8D8BB754}.Debug|Any CPU.Build.0 = Debug|Any CPU
		{27F5F530-4422-4213-938E-A5FA8D8BB754}.Release|Any CPU.ActiveCfg = Release|Any CPU
		{27F5F530-4422-4213-938E-A5FA8D8BB754}.Release|Any CPU.Build.0 = Release|Any CPU
		{BDDB33FC-1AE8-4B36-8A8E-BBA76F7C8695}.Debug|Any CPU.ActiveCfg = Debug|Any CPU
		{BDDB33FC-1AE8-4B36-8A8E-BBA76F7C8695}.Debug|Any CPU.Build.0 = Debug|Any CPU
		{BDDB33FC-1AE8-4B36-8A8E-BBA76F7C8695}.Release|Any CPU.ActiveCfg = Release|Any CPU
		{BDDB33FC-1AE8-4B36-8A8E-BBA76F7C8695}.Release|Any CPU.Build.0 = Release|Any CPU
	EndGlobalSection
	GlobalSection(SolutionProperties) = preSolution
		HideSolutionNode = FALSE
	EndGlobalSection
	GlobalSection(ExtensibilityGlobals) = postSolution
		SolutionGuid = {D7ECCAD6-324E-4190-A823-2B2649B5D666}
	EndGlobalSection
EndGlobal
